
Microsoft Visual Studio Solution File, Format Version 12.00
# Visual Studio Version 16
VisualStudioVersion = 16.0.28822.285
MinimumVisualStudioVersion = 10.0.40219.1
Project("{FAE04EC0-301F-11D3-BF4B-00C04F79EFBC}") = "WLib.Core", "WLib\WLib.Core.csproj", "{06D96806-AF5E-4C57-885A-DF7BC2230149}"
EndProject
Project("{FAE04EC0-301F-11D3-BF4B-00C04F79EFBC}") = "WLib.Core.Data", "WLib.Core.Data\WLib.Core.Data.csproj", "{32AF5261-2CFB-4F38-800A-6E720452B019}"
EndProject
Global
	GlobalSection(SolutionConfigurationPlatforms) = preSolution
		Debug|Any CPU = Debug|Any CPU
		Release|Any CPU = Release|Any CPU
	EndGlobalSection
	GlobalSection(ProjectConfigurationPlatforms) = postSolution
		{06D96806-AF5E-4C57-885A-DF7BC2230149}.Debug|Any CPU.ActiveCfg = Debug|Any CPU
		{06D96806-AF5E-4C57-885A-DF7BC2230149}.Debug|Any CPU.Build.0 = Debug|Any CPU
		{06D96806-AF5E-4C57-885A-DF7BC2230149}.Release|Any CPU.ActiveCfg = Release|Any CPU
		{06D96806-AF5E-4C57-885A-DF7BC2230149}.Release|Any CPU.Build.0 = Release|Any CPU
		{32AF5261-2CFB-4F38-800A-6E720452B019}.Debug|Any CPU.ActiveCfg = Debug|Any CPU
		{32AF5261-2CFB-4F38-800A-6E720452B019}.Debug|Any CPU.Build.0 = Debug|Any CPU
		{32AF5261-2CFB-4F38-800A-6E720452B019}.Release|Any CPU.ActiveCfg = Release|Any CPU
		{32AF5261-2CFB-4F38-800A-6E720452B019}.Release|Any CPU.Build.0 = Release|Any CPU
	EndGlobalSection
	GlobalSection(SolutionProperties) = preSolution
		HideSolutionNode = FALSE
	EndGlobalSection
	GlobalSection(ExtensibilityGlobals) = postSolution
		SolutionGuid = {45C541A3-ADEC-4EA5-ABF0-53838BFDD978}
	EndGlobalSection
EndGlobal
