
Microsoft Visual Studio Solution File, Format Version 12.00
# Visual Studio Version 16
VisualStudioVersion = 16.0.28822.285
MinimumVisualStudioVersion = 10.0.40219.1
Project("{9A19103F-16F7-4668-BE54-9A1E7A4F7556}") = "WLib.Core", "WLib\WLib.Core.csproj", "{06D96806-AF5E-4C57-885A-DF7BC2230149}"
EndProject
Project("{9A19103F-16F7-4668-BE54-9A1E7A4F7556}") = "WLib.Core.Data", "WLib.Core.Data\WLib.Core.Data.csproj", "{32AF5261-2CFB-4F38-800A-6E720452B019}"
EndProject
Project("{2150E333-8FDC-42A3-9474-1A3956D46DE8}") = "Tests", "Tests", "{BF146F59-34F0-4693-BA84-534B412102B6}"
EndProject
Project("{9A19103F-16F7-4668-BE54-9A1E7A4F7556}") = "WLib.Core.Tests", "WLib.Core.Tests\WLib.Core.Tests.csproj", "{4DE460D1-C66D-40F1-B09D-415AFA11F2DB}"
EndProject
Project("{9A19103F-16F7-4668-BE54-9A1E7A4F7556}") = "WLib.Core.Mobile", "WLib.Core.Mobile\WLib.Core.Mobile.csproj", "{B549E6EE-B937-45FC-A492-401893D9557F}"
EndProject
Project("{9A19103F-16F7-4668-BE54-9A1E7A4F7556}") = "WLib.Core.Mobile.Xf", "WLib.Core.Mobile.Xf\WLib.Core.Mobile.Xf.csproj", "{036138D8-53F5-4679-94C9-CB134BC433C8}"
EndProject
Global
	GlobalSection(SolutionConfigurationPlatforms) = preSolution
		Debug|Any CPU = Debug|Any CPU
		Release|Any CPU = Release|Any CPU
	EndGlobalSection
	GlobalSection(ProjectConfigurationPlatforms) = postSolution
		{06D96806-AF5E-4C57-885A-DF7BC2230149}.Debug|Any CPU.ActiveCfg = Debug|Any CPU
		{06D96806-AF5E-4C57-885A-DF7BC2230149}.Debug|Any CPU.Build.0 = Debug|Any CPU
		{06D96806-AF5E-4C57-885A-DF7BC2230149}.Release|Any CPU.ActiveCfg = Release|Any CPU
		{06D96806-AF5E-4C57-885A-DF7BC2230149}.Release|Any CPU.Build.0 = Release|Any CPU
		{32AF5261-2CFB-4F38-800A-6E720452B019}.Debug|Any CPU.ActiveCfg = Debug|Any CPU
		{32AF5261-2CFB-4F38-800A-6E720452B019}.Debug|Any CPU.Build.0 = Debug|Any CPU
		{32AF5261-2CFB-4F38-800A-6E720452B019}.Release|Any CPU.ActiveCfg = Release|Any CPU
		{32AF5261-2CFB-4F38-800A-6E720452B019}.Release|Any CPU.Build.0 = Release|Any CPU
		{4DE460D1-C66D-40F1-B09D-415AFA11F2DB}.Debug|Any CPU.ActiveCfg = Debug|Any CPU
		{4DE460D1-C66D-40F1-B09D-415AFA11F2DB}.Debug|Any CPU.Build.0 = Debug|Any CPU
		{4DE460D1-C66D-40F1-B09D-415AFA11F2DB}.Release|Any CPU.ActiveCfg = Release|Any CPU
		{4DE460D1-C66D-40F1-B09D-415AFA11F2DB}.Release|Any CPU.Build.0 = Release|Any CPU
		{B549E6EE-B937-45FC-A492-401893D9557F}.Debug|Any CPU.ActiveCfg = Debug|Any CPU
		{B549E6EE-B937-45FC-A492-401893D9557F}.Debug|Any CPU.Build.0 = Debug|Any CPU
		{B549E6EE-B937-45FC-A492-401893D9557F}.Release|Any CPU.ActiveCfg = Release|Any CPU
		{B549E6EE-B937-45FC-A492-401893D9557F}.Release|Any CPU.Build.0 = Release|Any CPU
		{036138D8-53F5-4679-94C9-CB134BC433C8}.Debug|Any CPU.ActiveCfg = Debug|Any CPU
		{036138D8-53F5-4679-94C9-CB134BC433C8}.Debug|Any CPU.Build.0 = Debug|Any CPU
		{036138D8-53F5-4679-94C9-CB134BC433C8}.Release|Any CPU.ActiveCfg = Release|Any CPU
		{036138D8-53F5-4679-94C9-CB134BC433C8}.Release|Any CPU.Build.0 = Release|Any CPU
	EndGlobalSection
	GlobalSection(SolutionProperties) = preSolution
		HideSolutionNode = FALSE
	EndGlobalSection
	GlobalSection(NestedProjects) = preSolution
		{4DE460D1-C66D-40F1-B09D-415AFA11F2DB} = {BF146F59-34F0-4693-BA84-534B412102B6}
	EndGlobalSection
	GlobalSection(ExtensibilityGlobals) = postSolution
		SolutionGuid = {45C541A3-ADEC-4EA5-ABF0-53838BFDD978}
	EndGlobalSection
EndGlobal
