
Microsoft Visual Studio Solution File, Format Version 12.00
# Visual Studio Version 16
VisualStudioVersion = 16.0.28822.285
MinimumVisualStudioVersion = 10.0.40219.1
Project("{9A19103F-16F7-4668-BE54-9A1E7A4F7556}") = "WLib.Core", "WLib\WLib.Core.csproj", "{06D96806-AF5E-4C57-885A-DF7BC2230149}"
EndProject
Project("{2150E333-8FDC-42A3-9474-1A3956D46DE8}") = "Tests", "Tests", "{BF146F59-34F0-4693-BA84-534B412102B6}"
EndProject
Project("{9A19103F-16F7-4668-BE54-9A1E7A4F7556}") = "WLib.Core.Tests", "WLib.Core.Tests\WLib.Core.Tests.csproj", "{4DE460D1-C66D-40F1-B09D-415AFA11F2DB}"
EndProject
Project("{9A19103F-16F7-4668-BE54-9A1E7A4F7556}") = "WLib.Core.Mobile", "WLib.Core.Mobile\WLib.Core.Mobile.csproj", "{B549E6EE-B937-45FC-A492-401893D9557F}"
EndProject
Project("{FAE04EC0-301F-11D3-BF4B-00C04F79EFBC}") = "WLib.Core.Mobile.Andriod", "WLib.Core.Mobile.Andriod\WLib.Core.Mobile.Andriod.csproj", "{F7946AD1-7CDE-4323-9BA4-2B65A3FC2C2A}"
EndProject
Project("{2150E333-8FDC-42A3-9474-1A3956D46DE8}") = "Admin", "Admin", "{512BC715-B5B5-4BC9-98A6-460DE3F23E11}"
EndProject
Project("{9A19103F-16F7-4668-BE54-9A1E7A4F7556}") = "Wlib.Core.Admin.Data", "Wlib.Core.Admin.Data\Wlib.Core.Admin.Data.csproj", "{06FCD3CE-F556-46EF-BB23-EF937F5FD9D3}"
EndProject
Project("{9A19103F-16F7-4668-BE54-9A1E7A4F7556}") = "Wlib.Core.Admin.Ui", "Wlib.Core.Admin.Ui\Wlib.Core.Admin.Ui.csproj", "{0F356930-D137-4162-B1C4-5009768C30A1}"
EndProject
Project("{FAE04EC0-301F-11D3-BF4B-00C04F79EFBC}") = "Yaseaa.AndroidBindings", "Yaseaa.AndroidBindings\Yaseaa.AndroidBindings.csproj", "{B948761A-484F-461D-96E1-A653ABBD441B}"
EndProject
Project("{2150E333-8FDC-42A3-9474-1A3956D46DE8}") = "Demo", "Demo", "{5232F3CE-4342-42EF-B8A4-BE02E2287BFC}"
EndProject
Project("{FAE04EC0-301F-11D3-BF4B-00C04F79EFBC}") = "Wlib.Core.Mobile.Demo.Android", "Wlib.Core.Mobile.Demo\Wlib.Core.Mobile.Demo.Android\Wlib.Core.Mobile.Demo.Android.csproj", "{A005D13D-14F2-4ED4-8317-3EEAC1A6BD5B}"
EndProject
Project("{FAE04EC0-301F-11D3-BF4B-00C04F79EFBC}") = "Wlib.Core.Mobile.Demo.iOS", "Wlib.Core.Mobile.Demo\Wlib.Core.Mobile.Demo.iOS\Wlib.Core.Mobile.Demo.iOS.csproj", "{8A06C533-8547-4643-8DB2-FA98795D6EFD}"
EndProject
Project("{FAE04EC0-301F-11D3-BF4B-00C04F79EFBC}") = "Wlib.Core.Mobile.Demo", "Wlib.Core.Mobile.Demo\Wlib.Core.Mobile.Demo\Wlib.Core.Mobile.Demo.csproj", "{2696B84A-D6B8-4BCB-933C-5ADBC3AEC509}"
EndProject
Project("{FAE04EC0-301F-11D3-BF4B-00C04F79EFBC}") = "Wlib.Streaming.Android", "Wlib.Streaming.Android\Wlib.Streaming.Android.csproj", "{20298510-C972-40C9-96FB-1529293A51A9}"
EndProject
Global
	GlobalSection(SolutionConfigurationPlatforms) = preSolution
		Debug|Any CPU = Debug|Any CPU
		Debug|iPhone = Debug|iPhone
		Debug|iPhoneSimulator = Debug|iPhoneSimulator
		Release|Any CPU = Release|Any CPU
		Release|iPhone = Release|iPhone
		Release|iPhoneSimulator = Release|iPhoneSimulator
	EndGlobalSection
	GlobalSection(ProjectConfigurationPlatforms) = postSolution
		{06D96806-AF5E-4C57-885A-DF7BC2230149}.Debug|Any CPU.ActiveCfg = Debug|Any CPU
		{06D96806-AF5E-4C57-885A-DF7BC2230149}.Debug|Any CPU.Build.0 = Debug|Any CPU
		{06D96806-AF5E-4C57-885A-DF7BC2230149}.Debug|iPhone.ActiveCfg = Debug|Any CPU
		{06D96806-AF5E-4C57-885A-DF7BC2230149}.Debug|iPhone.Build.0 = Debug|Any CPU
		{06D96806-AF5E-4C57-885A-DF7BC2230149}.Debug|iPhoneSimulator.ActiveCfg = Debug|Any CPU
		{06D96806-AF5E-4C57-885A-DF7BC2230149}.Debug|iPhoneSimulator.Build.0 = Debug|Any CPU
		{06D96806-AF5E-4C57-885A-DF7BC2230149}.Release|Any CPU.ActiveCfg = Release|Any CPU
		{06D96806-AF5E-4C57-885A-DF7BC2230149}.Release|Any CPU.Build.0 = Release|Any CPU
		{06D96806-AF5E-4C57-885A-DF7BC2230149}.Release|iPhone.ActiveCfg = Release|Any CPU
		{06D96806-AF5E-4C57-885A-DF7BC2230149}.Release|iPhone.Build.0 = Release|Any CPU
		{06D96806-AF5E-4C57-885A-DF7BC2230149}.Release|iPhoneSimulator.ActiveCfg = Release|Any CPU
		{06D96806-AF5E-4C57-885A-DF7BC2230149}.Release|iPhoneSimulator.Build.0 = Release|Any CPU
		{4DE460D1-C66D-40F1-B09D-415AFA11F2DB}.Debug|Any CPU.ActiveCfg = Debug|Any CPU
		{4DE460D1-C66D-40F1-B09D-415AFA11F2DB}.Debug|Any CPU.Build.0 = Debug|Any CPU
		{4DE460D1-C66D-40F1-B09D-415AFA11F2DB}.Debug|iPhone.ActiveCfg = Debug|Any CPU
		{4DE460D1-C66D-40F1-B09D-415AFA11F2DB}.Debug|iPhone.Build.0 = Debug|Any CPU
		{4DE460D1-C66D-40F1-B09D-415AFA11F2DB}.Debug|iPhoneSimulator.ActiveCfg = Debug|Any CPU
		{4DE460D1-C66D-40F1-B09D-415AFA11F2DB}.Debug|iPhoneSimulator.Build.0 = Debug|Any CPU
		{4DE460D1-C66D-40F1-B09D-415AFA11F2DB}.Release|Any CPU.ActiveCfg = Release|Any CPU
		{4DE460D1-C66D-40F1-B09D-415AFA11F2DB}.Release|Any CPU.Build.0 = Release|Any CPU
		{4DE460D1-C66D-40F1-B09D-415AFA11F2DB}.Release|iPhone.ActiveCfg = Release|Any CPU
		{4DE460D1-C66D-40F1-B09D-415AFA11F2DB}.Release|iPhone.Build.0 = Release|Any CPU
		{4DE460D1-C66D-40F1-B09D-415AFA11F2DB}.Release|iPhoneSimulator.ActiveCfg = Release|Any CPU
		{4DE460D1-C66D-40F1-B09D-415AFA11F2DB}.Release|iPhoneSimulator.Build.0 = Release|Any CPU
		{B549E6EE-B937-45FC-A492-401893D9557F}.Debug|Any CPU.ActiveCfg = Debug|Any CPU
		{B549E6EE-B937-45FC-A492-401893D9557F}.Debug|Any CPU.Build.0 = Debug|Any CPU
		{B549E6EE-B937-45FC-A492-401893D9557F}.Debug|iPhone.ActiveCfg = Debug|Any CPU
		{B549E6EE-B937-45FC-A492-401893D9557F}.Debug|iPhone.Build.0 = Debug|Any CPU
		{B549E6EE-B937-45FC-A492-401893D9557F}.Debug|iPhoneSimulator.ActiveCfg = Debug|Any CPU
		{B549E6EE-B937-45FC-A492-401893D9557F}.Debug|iPhoneSimulator.Build.0 = Debug|Any CPU
		{B549E6EE-B937-45FC-A492-401893D9557F}.Release|Any CPU.ActiveCfg = Release|Any CPU
		{B549E6EE-B937-45FC-A492-401893D9557F}.Release|Any CPU.Build.0 = Release|Any CPU
		{B549E6EE-B937-45FC-A492-401893D9557F}.Release|iPhone.ActiveCfg = Release|Any CPU
		{B549E6EE-B937-45FC-A492-401893D9557F}.Release|iPhone.Build.0 = Release|Any CPU
		{B549E6EE-B937-45FC-A492-401893D9557F}.Release|iPhoneSimulator.ActiveCfg = Release|Any CPU
		{B549E6EE-B937-45FC-A492-401893D9557F}.Release|iPhoneSimulator.Build.0 = Release|Any CPU
		{F7946AD1-7CDE-4323-9BA4-2B65A3FC2C2A}.Debug|Any CPU.ActiveCfg = Debug|Any CPU
		{F7946AD1-7CDE-4323-9BA4-2B65A3FC2C2A}.Debug|Any CPU.Build.0 = Debug|Any CPU
		{F7946AD1-7CDE-4323-9BA4-2B65A3FC2C2A}.Debug|iPhone.ActiveCfg = Debug|Any CPU
		{F7946AD1-7CDE-4323-9BA4-2B65A3FC2C2A}.Debug|iPhone.Build.0 = Debug|Any CPU
		{F7946AD1-7CDE-4323-9BA4-2B65A3FC2C2A}.Debug|iPhoneSimulator.ActiveCfg = Debug|Any CPU
		{F7946AD1-7CDE-4323-9BA4-2B65A3FC2C2A}.Debug|iPhoneSimulator.Build.0 = Debug|Any CPU
		{F7946AD1-7CDE-4323-9BA4-2B65A3FC2C2A}.Release|Any CPU.ActiveCfg = Release|Any CPU
		{F7946AD1-7CDE-4323-9BA4-2B65A3FC2C2A}.Release|Any CPU.Build.0 = Release|Any CPU
		{F7946AD1-7CDE-4323-9BA4-2B65A3FC2C2A}.Release|iPhone.ActiveCfg = Release|Any CPU
		{F7946AD1-7CDE-4323-9BA4-2B65A3FC2C2A}.Release|iPhone.Build.0 = Release|Any CPU
		{F7946AD1-7CDE-4323-9BA4-2B65A3FC2C2A}.Release|iPhoneSimulator.ActiveCfg = Release|Any CPU
		{F7946AD1-7CDE-4323-9BA4-2B65A3FC2C2A}.Release|iPhoneSimulator.Build.0 = Release|Any CPU
		{06FCD3CE-F556-46EF-BB23-EF937F5FD9D3}.Debug|Any CPU.ActiveCfg = Debug|Any CPU
		{06FCD3CE-F556-46EF-BB23-EF937F5FD9D3}.Debug|Any CPU.Build.0 = Debug|Any CPU
		{06FCD3CE-F556-46EF-BB23-EF937F5FD9D3}.Debug|iPhone.ActiveCfg = Debug|Any CPU
		{06FCD3CE-F556-46EF-BB23-EF937F5FD9D3}.Debug|iPhone.Build.0 = Debug|Any CPU
		{06FCD3CE-F556-46EF-BB23-EF937F5FD9D3}.Debug|iPhoneSimulator.ActiveCfg = Debug|Any CPU
		{06FCD3CE-F556-46EF-BB23-EF937F5FD9D3}.Debug|iPhoneSimulator.Build.0 = Debug|Any CPU
		{06FCD3CE-F556-46EF-BB23-EF937F5FD9D3}.Release|Any CPU.ActiveCfg = Release|Any CPU
		{06FCD3CE-F556-46EF-BB23-EF937F5FD9D3}.Release|Any CPU.Build.0 = Release|Any CPU
		{06FCD3CE-F556-46EF-BB23-EF937F5FD9D3}.Release|iPhone.ActiveCfg = Release|Any CPU
		{06FCD3CE-F556-46EF-BB23-EF937F5FD9D3}.Release|iPhone.Build.0 = Release|Any CPU
		{06FCD3CE-F556-46EF-BB23-EF937F5FD9D3}.Release|iPhoneSimulator.ActiveCfg = Release|Any CPU
		{06FCD3CE-F556-46EF-BB23-EF937F5FD9D3}.Release|iPhoneSimulator.Build.0 = Release|Any CPU
		{0F356930-D137-4162-B1C4-5009768C30A1}.Debug|Any CPU.ActiveCfg = Debug|Any CPU
		{0F356930-D137-4162-B1C4-5009768C30A1}.Debug|Any CPU.Build.0 = Debug|Any CPU
		{0F356930-D137-4162-B1C4-5009768C30A1}.Debug|iPhone.ActiveCfg = Debug|Any CPU
		{0F356930-D137-4162-B1C4-5009768C30A1}.Debug|iPhone.Build.0 = Debug|Any CPU
		{0F356930-D137-4162-B1C4-5009768C30A1}.Debug|iPhoneSimulator.ActiveCfg = Debug|Any CPU
		{0F356930-D137-4162-B1C4-5009768C30A1}.Debug|iPhoneSimulator.Build.0 = Debug|Any CPU
		{0F356930-D137-4162-B1C4-5009768C30A1}.Release|Any CPU.ActiveCfg = Release|Any CPU
		{0F356930-D137-4162-B1C4-5009768C30A1}.Release|Any CPU.Build.0 = Release|Any CPU
		{0F356930-D137-4162-B1C4-5009768C30A1}.Release|iPhone.ActiveCfg = Release|Any CPU
		{0F356930-D137-4162-B1C4-5009768C30A1}.Release|iPhone.Build.0 = Release|Any CPU
		{0F356930-D137-4162-B1C4-5009768C30A1}.Release|iPhoneSimulator.ActiveCfg = Release|Any CPU
		{0F356930-D137-4162-B1C4-5009768C30A1}.Release|iPhoneSimulator.Build.0 = Release|Any CPU
		{B948761A-484F-461D-96E1-A653ABBD441B}.Debug|Any CPU.ActiveCfg = Debug|Any CPU
		{B948761A-484F-461D-96E1-A653ABBD441B}.Debug|Any CPU.Build.0 = Debug|Any CPU
		{B948761A-484F-461D-96E1-A653ABBD441B}.Debug|iPhone.ActiveCfg = Debug|Any CPU
		{B948761A-484F-461D-96E1-A653ABBD441B}.Debug|iPhone.Build.0 = Debug|Any CPU
		{B948761A-484F-461D-96E1-A653ABBD441B}.Debug|iPhoneSimulator.ActiveCfg = Debug|Any CPU
		{B948761A-484F-461D-96E1-A653ABBD441B}.Debug|iPhoneSimulator.Build.0 = Debug|Any CPU
		{B948761A-484F-461D-96E1-A653ABBD441B}.Release|Any CPU.ActiveCfg = Release|Any CPU
		{B948761A-484F-461D-96E1-A653ABBD441B}.Release|Any CPU.Build.0 = Release|Any CPU
		{B948761A-484F-461D-96E1-A653ABBD441B}.Release|iPhone.ActiveCfg = Release|Any CPU
		{B948761A-484F-461D-96E1-A653ABBD441B}.Release|iPhone.Build.0 = Release|Any CPU
		{B948761A-484F-461D-96E1-A653ABBD441B}.Release|iPhoneSimulator.ActiveCfg = Release|Any CPU
		{B948761A-484F-461D-96E1-A653ABBD441B}.Release|iPhoneSimulator.Build.0 = Release|Any CPU
		{A005D13D-14F2-4ED4-8317-3EEAC1A6BD5B}.Debug|Any CPU.ActiveCfg = Debug|Any CPU
		{A005D13D-14F2-4ED4-8317-3EEAC1A6BD5B}.Debug|Any CPU.Build.0 = Debug|Any CPU
		{A005D13D-14F2-4ED4-8317-3EEAC1A6BD5B}.Debug|Any CPU.Deploy.0 = Debug|Any CPU
		{A005D13D-14F2-4ED4-8317-3EEAC1A6BD5B}.Debug|iPhone.ActiveCfg = Debug|Any CPU
		{A005D13D-14F2-4ED4-8317-3EEAC1A6BD5B}.Debug|iPhone.Build.0 = Debug|Any CPU
		{A005D13D-14F2-4ED4-8317-3EEAC1A6BD5B}.Debug|iPhone.Deploy.0 = Debug|Any CPU
		{A005D13D-14F2-4ED4-8317-3EEAC1A6BD5B}.Debug|iPhoneSimulator.ActiveCfg = Debug|Any CPU
		{A005D13D-14F2-4ED4-8317-3EEAC1A6BD5B}.Debug|iPhoneSimulator.Build.0 = Debug|Any CPU
		{A005D13D-14F2-4ED4-8317-3EEAC1A6BD5B}.Debug|iPhoneSimulator.Deploy.0 = Debug|Any CPU
		{A005D13D-14F2-4ED4-8317-3EEAC1A6BD5B}.Release|Any CPU.ActiveCfg = Release|Any CPU
		{A005D13D-14F2-4ED4-8317-3EEAC1A6BD5B}.Release|Any CPU.Build.0 = Release|Any CPU
		{A005D13D-14F2-4ED4-8317-3EEAC1A6BD5B}.Release|Any CPU.Deploy.0 = Release|Any CPU
		{A005D13D-14F2-4ED4-8317-3EEAC1A6BD5B}.Release|iPhone.ActiveCfg = Release|Any CPU
		{A005D13D-14F2-4ED4-8317-3EEAC1A6BD5B}.Release|iPhone.Build.0 = Release|Any CPU
		{A005D13D-14F2-4ED4-8317-3EEAC1A6BD5B}.Release|iPhone.Deploy.0 = Release|Any CPU
		{A005D13D-14F2-4ED4-8317-3EEAC1A6BD5B}.Release|iPhoneSimulator.ActiveCfg = Release|Any CPU
		{A005D13D-14F2-4ED4-8317-3EEAC1A6BD5B}.Release|iPhoneSimulator.Build.0 = Release|Any CPU
		{A005D13D-14F2-4ED4-8317-3EEAC1A6BD5B}.Release|iPhoneSimulator.Deploy.0 = Release|Any CPU
		{8A06C533-8547-4643-8DB2-FA98795D6EFD}.Debug|Any CPU.ActiveCfg = Debug|iPhone
		{8A06C533-8547-4643-8DB2-FA98795D6EFD}.Debug|iPhone.ActiveCfg = Debug|iPhone
		{8A06C533-8547-4643-8DB2-FA98795D6EFD}.Debug|iPhone.Build.0 = Debug|iPhone
		{8A06C533-8547-4643-8DB2-FA98795D6EFD}.Debug|iPhoneSimulator.ActiveCfg = Debug|iPhoneSimulator
		{8A06C533-8547-4643-8DB2-FA98795D6EFD}.Debug|iPhoneSimulator.Build.0 = Debug|iPhoneSimulator
		{8A06C533-8547-4643-8DB2-FA98795D6EFD}.Release|Any CPU.ActiveCfg = Release|iPhone
		{8A06C533-8547-4643-8DB2-FA98795D6EFD}.Release|iPhone.ActiveCfg = Release|iPhone
		{8A06C533-8547-4643-8DB2-FA98795D6EFD}.Release|iPhone.Build.0 = Release|iPhone
		{8A06C533-8547-4643-8DB2-FA98795D6EFD}.Release|iPhoneSimulator.ActiveCfg = Release|iPhoneSimulator
		{8A06C533-8547-4643-8DB2-FA98795D6EFD}.Release|iPhoneSimulator.Build.0 = Release|iPhoneSimulator
		{2696B84A-D6B8-4BCB-933C-5ADBC3AEC509}.Debug|Any CPU.ActiveCfg = Debug|Any CPU
		{2696B84A-D6B8-4BCB-933C-5ADBC3AEC509}.Debug|Any CPU.Build.0 = Debug|Any CPU
		{2696B84A-D6B8-4BCB-933C-5ADBC3AEC509}.Debug|iPhone.ActiveCfg = Debug|Any CPU
		{2696B84A-D6B8-4BCB-933C-5ADBC3AEC509}.Debug|iPhone.Build.0 = Debug|Any CPU
		{2696B84A-D6B8-4BCB-933C-5ADBC3AEC509}.Debug|iPhoneSimulator.ActiveCfg = Debug|Any CPU
		{2696B84A-D6B8-4BCB-933C-5ADBC3AEC509}.Debug|iPhoneSimulator.Build.0 = Debug|Any CPU
		{2696B84A-D6B8-4BCB-933C-5ADBC3AEC509}.Release|Any CPU.ActiveCfg = Release|Any CPU
		{2696B84A-D6B8-4BCB-933C-5ADBC3AEC509}.Release|Any CPU.Build.0 = Release|Any CPU
		{2696B84A-D6B8-4BCB-933C-5ADBC3AEC509}.Release|iPhone.ActiveCfg = Release|Any CPU
		{2696B84A-D6B8-4BCB-933C-5ADBC3AEC509}.Release|iPhone.Build.0 = Release|Any CPU
		{2696B84A-D6B8-4BCB-933C-5ADBC3AEC509}.Release|iPhoneSimulator.ActiveCfg = Release|Any CPU
		{2696B84A-D6B8-4BCB-933C-5ADBC3AEC509}.Release|iPhoneSimulator.Build.0 = Release|Any CPU
		{20298510-C972-40C9-96FB-1529293A51A9}.Debug|Any CPU.ActiveCfg = Debug|Any CPU
		{20298510-C972-40C9-96FB-1529293A51A9}.Debug|Any CPU.Build.0 = Debug|Any CPU
		{20298510-C972-40C9-96FB-1529293A51A9}.Debug|iPhone.ActiveCfg = Debug|Any CPU
		{20298510-C972-40C9-96FB-1529293A51A9}.Debug|iPhone.Build.0 = Debug|Any CPU
		{20298510-C972-40C9-96FB-1529293A51A9}.Debug|iPhoneSimulator.ActiveCfg = Debug|Any CPU
		{20298510-C972-40C9-96FB-1529293A51A9}.Debug|iPhoneSimulator.Build.0 = Debug|Any CPU
		{20298510-C972-40C9-96FB-1529293A51A9}.Release|Any CPU.ActiveCfg = Release|Any CPU
		{20298510-C972-40C9-96FB-1529293A51A9}.Release|Any CPU.Build.0 = Release|Any CPU
		{20298510-C972-40C9-96FB-1529293A51A9}.Release|iPhone.ActiveCfg = Release|Any CPU
		{20298510-C972-40C9-96FB-1529293A51A9}.Release|iPhone.Build.0 = Release|Any CPU
		{20298510-C972-40C9-96FB-1529293A51A9}.Release|iPhoneSimulator.ActiveCfg = Release|Any CPU
		{20298510-C972-40C9-96FB-1529293A51A9}.Release|iPhoneSimulator.Build.0 = Release|Any CPU
	EndGlobalSection
	GlobalSection(SolutionProperties) = preSolution
		HideSolutionNode = FALSE
	EndGlobalSection
	GlobalSection(NestedProjects) = preSolution
		{4DE460D1-C66D-40F1-B09D-415AFA11F2DB} = {BF146F59-34F0-4693-BA84-534B412102B6}
		{06FCD3CE-F556-46EF-BB23-EF937F5FD9D3} = {512BC715-B5B5-4BC9-98A6-460DE3F23E11}
		{0F356930-D137-4162-B1C4-5009768C30A1} = {512BC715-B5B5-4BC9-98A6-460DE3F23E11}
		{A005D13D-14F2-4ED4-8317-3EEAC1A6BD5B} = {5232F3CE-4342-42EF-B8A4-BE02E2287BFC}
		{8A06C533-8547-4643-8DB2-FA98795D6EFD} = {5232F3CE-4342-42EF-B8A4-BE02E2287BFC}
		{2696B84A-D6B8-4BCB-933C-5ADBC3AEC509} = {5232F3CE-4342-42EF-B8A4-BE02E2287BFC}
	EndGlobalSection
	GlobalSection(ExtensibilityGlobals) = postSolution
		SolutionGuid = {45C541A3-ADEC-4EA5-ABF0-53838BFDD978}
	EndGlobalSection
EndGlobal
